{
  "name": "gm-git-dccon",
  "version": "1.0.0",
  "lockfileVersion": 1,
  "requires": true,
  "dependencies": {
    "@primer/octicons": {
      "version": "11.0.0",
      "resolved": "https://registry.npmjs.org/@primer/octicons/-/octicons-11.0.0.tgz",
      "integrity": "sha512-aMM2n7dl4ToEqQH9ZWQ8M8alGCoGsRk2k5hT5h3KXd54YFKte1twhJDvyQjIjjxqggNh5NUfyuqTOv6MPCVSKQ==",
      "requires": {
        "object-assign": "^4.1.1"
      }
    },
    "object-assign": {
      "version": "4.1.1",
      "resolved": "https://registry.npmjs.org/object-assign/-/object-assign-4.1.1.tgz",
      "integrity": "sha1-IQmtx5ZYh8/AXLvUQsrIv7s2CGM="
    }
  }
}
